
Microsoft Visual Studio Solution File, Format Version 12.00
# Visual Studio 15
VisualStudioVersion = 15.0.28307.779
MinimumVisualStudioVersion = 10.0.40219.1
Project("{FAE04EC0-301F-11D3-BF4B-00C04F79EFBC}") = "MegaDesk", "MegaDesk\MegaDesk.csproj", "{2A5BF57F-2164-420C-9C9D-672B4782A27D}"
EndProject
Global
	GlobalSection(SolutionConfigurationPlatforms) = preSolution
		Debug|Any CPU = Debug|Any CPU
		Release|Any CPU = Release|Any CPU
	EndGlobalSection
	GlobalSection(ProjectConfigurationPlatforms) = postSolution
		{2A5BF57F-2164-420C-9C9D-672B4782A27D}.Debug|Any CPU.ActiveCfg = Debug|Any CPU
		{2A5BF57F-2164-420C-9C9D-672B4782A27D}.Debug|Any CPU.Build.0 = Debug|Any CPU
		{2A5BF57F-2164-420C-9C9D-672B4782A27D}.Release|Any CPU.ActiveCfg = Release|Any CPU
		{2A5BF57F-2164-420C-9C9D-672B4782A27D}.Release|Any CPU.Build.0 = Release|Any CPU
	EndGlobalSection
	GlobalSection(SolutionProperties) = preSolution
		HideSolutionNode = FALSE
	EndGlobalSection
	GlobalSection(ExtensibilityGlobals) = postSolution
		SolutionGuid = {6158ED73-66F4-4DE0-BDCE-3D98B37857F1}
	EndGlobalSection
EndGlobal
